
Microsoft Visual Studio Solution File, Format Version 12.00
# Visual Studio Version 17
VisualStudioVersion = 17.9.34701.34
MinimumVisualStudioVersion = 10.0.40219.1
Project("{FAE04EC0-301F-11D3-BF4B-00C04F79EFBC}") = "NagyZhPelda2", "NagyZhPelda2\NagyZhPelda2.csproj", "{CFD63380-9CA7-41FC-800D-1891FEDF71A2}"
EndProject
Global
	GlobalSection(SolutionConfigurationPlatforms) = preSolution
		Debug|Any CPU = Debug|Any CPU
		Release|Any CPU = Release|Any CPU
	EndGlobalSection
	GlobalSection(ProjectConfigurationPlatforms) = postSolution
		{CFD63380-9CA7-41FC-800D-1891FEDF71A2}.Debug|Any CPU.ActiveCfg = Debug|Any CPU
		{CFD63380-9CA7-41FC-800D-1891FEDF71A2}.Debug|Any CPU.Build.0 = Debug|Any CPU
		{CFD63380-9CA7-41FC-800D-1891FEDF71A2}.Release|Any CPU.ActiveCfg = Release|Any CPU
		{CFD63380-9CA7-41FC-800D-1891FEDF71A2}.Release|Any CPU.Build.0 = Release|Any CPU
	EndGlobalSection
	GlobalSection(SolutionProperties) = preSolution
		HideSolutionNode = FALSE
	EndGlobalSection
	GlobalSection(ExtensibilityGlobals) = postSolution
		SolutionGuid = {3B425F99-5833-4FC5-AA41-951A5F56649D}
	EndGlobalSection
EndGlobal
